# This file is automatically @generated by Cargo.
# It is not intended for manual editing.
version = 4

[[package]]
name = "bfc"
version = "0.1.0"
dependencies = [
 "bfformat",
]

[[package]]
name = "bfformat"
version = "0.1.0"

[[package]]
name = "bfnative"
version = "0.1.0"
dependencies = [
 "bfc",
 "bfformat",
]

[[package]]
name = "bfrun"
version = "0.1.0"
dependencies = [
 "bfformat",
]
